
Microsoft Visual Studio Solution File, Format Version 12.00
# Visual Studio 15
VisualStudioVersion = 15.0.28307.572
MinimumVisualStudioVersion = 10.0.40219.1
Project("{FAE04EC0-301F-11D3-BF4B-00C04F79EFBC}") = "CustomerInfo_Demo", "CustomerInfo_Demo\CustomerInfo_Demo.csproj", "{84A3F59E-6980-45A1-9E3C-CC143BB0F06E}"
EndProject
Global
	GlobalSection(SolutionConfigurationPlatforms) = preSolution
		Debug|Any CPU = Debug|Any CPU
		Release|Any CPU = Release|Any CPU
	EndGlobalSection
	GlobalSection(ProjectConfigurationPlatforms) = postSolution
		{84A3F59E-6980-45A1-9E3C-CC143BB0F06E}.Debug|Any CPU.ActiveCfg = Debug|Any CPU
		{84A3F59E-6980-45A1-9E3C-CC143BB0F06E}.Debug|Any CPU.Build.0 = Debug|Any CPU
		{84A3F59E-6980-45A1-9E3C-CC143BB0F06E}.Release|Any CPU.ActiveCfg = Release|Any CPU
		{84A3F59E-6980-45A1-9E3C-CC143BB0F06E}.Release|Any CPU.Build.0 = Release|Any CPU
	EndGlobalSection
	GlobalSection(SolutionProperties) = preSolution
		HideSolutionNode = FALSE
	EndGlobalSection
	GlobalSection(ExtensibilityGlobals) = postSolution
		SolutionGuid = {560BA33E-EAA4-4FC7-BEF1-64460A0CC106}
	EndGlobalSection
EndGlobal
